
Microsoft Visual Studio Solution File, Format Version 12.00
# Visual Studio Version 17
VisualStudioVersion = 17.9.34607.119
MinimumVisualStudioVersion = 10.0.40219.1
Project("{8BC9CEB8-8B4A-11D0-8D11-00A0C91BC942}") = "ASID_cpplib", "ASID_cpplib.vcxproj", "{9D893642-A433-425A-8563-94FA1CBAED1C}"
EndProject
Global
	GlobalSection(SolutionConfigurationPlatforms) = preSolution
		Debug|x64 = Debug|x64
		Release|x64 = Release|x64
	EndGlobalSection
	GlobalSection(ProjectConfigurationPlatforms) = postSolution
		{9D893642-A433-425A-8563-94FA1CBAED1C}.Debug|x64.ActiveCfg = Debug|x64
		{9D893642-A433-425A-8563-94FA1CBAED1C}.Debug|x64.Build.0 = Debug|x64
		{9D893642-A433-425A-8563-94FA1CBAED1C}.Release|x64.ActiveCfg = Release|x64
		{9D893642-A433-425A-8563-94FA1CBAED1C}.Release|x64.Build.0 = Release|x64
	EndGlobalSection
	GlobalSection(SolutionProperties) = preSolution
		HideSolutionNode = FALSE
	EndGlobalSection
	GlobalSection(ExtensibilityGlobals) = postSolution
		SolutionGuid = {C683BF09-8E29-4E49-9834-13988BB50557}
	EndGlobalSection
EndGlobal
